
Microsoft Visual Studio Solution File, Format Version 12.00
# Visual Studio Version 16
VisualStudioVersion = 16.0.31624.102
MinimumVisualStudioVersion = 10.0.40219.1
Project("{FAE04EC0-301F-11D3-BF4B-00C04F79EFBC}") = "CandidateTrackerReact.Web", "CandidateTrackerReact.Web\CandidateTrackerReact.Web.csproj", "{8B79789E-B4AA-4127-BA7D-C2489AB7042A}"
EndProject
Project("{FAE04EC0-301F-11D3-BF4B-00C04F79EFBC}") = "CandidateTrackerReact.Data", "CandidateTrackerReact.Data\CandidateTrackerReact.Data.csproj", "{940279BB-1017-4BA6-BE7B-98A399940C16}"
EndProject
Global
	GlobalSection(SolutionConfigurationPlatforms) = preSolution
		Debug|Any CPU = Debug|Any CPU
		Release|Any CPU = Release|Any CPU
	EndGlobalSection
	GlobalSection(ProjectConfigurationPlatforms) = postSolution
		{8B79789E-B4AA-4127-BA7D-C2489AB7042A}.Debug|Any CPU.ActiveCfg = Debug|Any CPU
		{8B79789E-B4AA-4127-BA7D-C2489AB7042A}.Debug|Any CPU.Build.0 = Debug|Any CPU
		{8B79789E-B4AA-4127-BA7D-C2489AB7042A}.Release|Any CPU.ActiveCfg = Release|Any CPU
		{8B79789E-B4AA-4127-BA7D-C2489AB7042A}.Release|Any CPU.Build.0 = Release|Any CPU
		{940279BB-1017-4BA6-BE7B-98A399940C16}.Debug|Any CPU.ActiveCfg = Debug|Any CPU
		{940279BB-1017-4BA6-BE7B-98A399940C16}.Debug|Any CPU.Build.0 = Debug|Any CPU
		{940279BB-1017-4BA6-BE7B-98A399940C16}.Release|Any CPU.ActiveCfg = Release|Any CPU
		{940279BB-1017-4BA6-BE7B-98A399940C16}.Release|Any CPU.Build.0 = Release|Any CPU
	EndGlobalSection
	GlobalSection(SolutionProperties) = preSolution
		HideSolutionNode = FALSE
	EndGlobalSection
	GlobalSection(ExtensibilityGlobals) = postSolution
		SolutionGuid = {03392AF0-EEE1-4478-94C8-569B62270647}
	EndGlobalSection
EndGlobal
